// !$*UTF8*$!
{
	archiveVersion = 1;
	classes = {
	};
	objectVersion = 46;
	objects = {

/* Begin PBXBuildFile section */
		9D5C1EF91F9F3C2B00083292 /* main.m in Sources */ = {isa = PBXBuildFile; fileRef = 9D5C1EF81F9F3C2B00083292 /* main.m */; };
		9D5C1EFC1F9F3C2B00083292 /* AppDelegate.m in Sources */ = {isa = PBXBuildFile; fileRef = 9D5C1EFB1F9F3C2B00083292 /* AppDelegate.m */; };
		9D5C1EFF1F9F3C2B00083292 /* ViewController.m in Sources */ = {isa = PBXBuildFile; fileRef = 9D5C1EFE1F9F3C2B00083292 /* ViewController.m */; };
		9D5C1F021F9F3C2B00083292 /* Main.storyboard in Resources */ = {isa = PBXBuildFile; fileRef = 9D5C1F001F9F3C2B00083292 /* Main.storyboard */; };
		9D5C1F041F9F3C2B00083292 /* Assets.xcassets in Resources */ = {isa = PBXBuildFile; fileRef = 9D5C1F031F9F3C2B00083292 /* Assets.xcassets */; };
		9D5C1F071F9F3C2B00083292 /* LaunchScreen.storyboard in Resources */ = {isa = PBXBuildFile; fileRef = 9D5C1F051F9F3C2B00083292 /* LaunchScreen.storyboard */; };
		9D5C1F371F9F3D7E00083292 /* FTIndicator.m in Sources */ = {isa = PBXBuildFile; fileRef = 9D5C1F2C1F9F3D7E00083292 /* FTIndicator.m */; };
		9D5C1F381F9F3D7E00083292 /* FTNotificationIndicator.m in Sources */ = {isa = PBXBuildFile; fileRef = 9D5C1F2F1F9F3D7E00083292 /* FTNotificationIndicator.m */; };
		9D5C1F391F9F3D7E00083292 /* FTProgressIndicator.m in Sources */ = {isa = PBXBuildFile; fileRef = 9D5C1F321F9F3D7E00083292 /* FTProgressIndicator.m */; };
		9D5C1F3A1F9F3D7E00083292 /* ImageAsserts.bundle in Resources */ = {isa = PBXBuildFile; fileRef = 9D5C1F331F9F3D7E00083292 /* ImageAsserts.bundle */; };
		9D5C1F3B1F9F3D7E00083292 /* FTToastIndicator.m in Sources */ = {isa = PBXBuildFile; fileRef = 9D5C1F361F9F3D7E00083292 /* FTToastIndicator.m */; };
		9D97F4411FA72A0000BF1119 /* LuckIsIntroducedViewController.m in Sources */ = {isa = PBXBuildFile; fileRef = 9D97F4401FA72A0000BF1119 /* LuckIsIntroducedViewController.m */; };
		9D97F4471FA72A8C00BF1119 /* ZLPanGestureRecognizer.m in Sources */ = {isa = PBXBuildFile; fileRef = 9D97F4441FA72A8C00BF1119 /* ZLPanGestureRecognizer.m */; };
		9D97F4481FA72A8C00BF1119 /* ZLSwipeableView.m in Sources */ = {isa = PBXBuildFile; fileRef = 9D97F4461FA72A8C00BF1119 /* ZLSwipeableView.m */; };
		9D97F44B1FA72ABB00BF1119 /* CardView.m in Sources */ = {isa = PBXBuildFile; fileRef = 9D97F44A1FA72ABB00BF1119 /* CardView.m */; };
		9D97F44E1FA72B2400BF1119 /* UIColor+FlatColors.m in Sources */ = {isa = PBXBuildFile; fileRef = 9D97F44D1FA72B2400BF1119 /* UIColor+FlatColors.m */; };
		9D97F4511FA72CFA00BF1119 /* luckView.m in Sources */ = {isa = PBXBuildFile; fileRef = 9D97F4501FA72CFA00BF1119 /* luckView.m */; };
		9DCDA2D61FA96760004F2A28 /* VideoListViewController.m in Sources */ = {isa = PBXBuildFile; fileRef = 9DCDA2D51FA96760004F2A28 /* VideoListViewController.m */; };
		9DCDA2DE1FA96942004F2A28 /* ImageResources.bundle in Resources */ = {isa = PBXBuildFile; fileRef = 9DCDA2D81FA96942004F2A28 /* ImageResources.bundle */; };
		9DCDA2DF1FA96942004F2A28 /* XLSlider.m in Sources */ = {isa = PBXBuildFile; fileRef = 9DCDA2DB1FA96942004F2A28 /* XLSlider.m */; };
		9DCDA2E01FA96942004F2A28 /* XLVideoPlayer.m in Sources */ = {isa = PBXBuildFile; fileRef = 9DCDA2DD1FA96942004F2A28 /* XLVideoPlayer.m */; };
		9DCDA2E41FA9694A004F2A28 /* XLVideoItem.m in Sources */ = {isa = PBXBuildFile; fileRef = 9DCDA2E31FA9694A004F2A28 /* XLVideoItem.m */; };
		9DCDA2E71FA96B7E004F2A28 /* XLVideoCell.m in Sources */ = {isa = PBXBuildFile; fileRef = 9DCDA2E61FA96B7E004F2A28 /* XLVideoCell.m */; };
		9DD3A64C1FEA36360021FC1F /* XHNetworkCache.m in Sources */ = {isa = PBXBuildFile; fileRef = 9DD3A64B1FEA36360021FC1F /* XHNetworkCache.m */; };
/* End PBXBuildFile section */

/* Begin PBXFileReference section */
		9D5C1EF41F9F3C2B00083292 /* 弹框试试.app */ = {isa = PBXFileReference; explicitFileType = wrapper.application; includeInIndex = 0; path = "弹框试试.app"; sourceTree = BUILT_PRODUCTS_DIR; };
		9D5C1EF81F9F3C2B00083292 /* main.m */ = {isa = PBXFileReference; lastKnownFileType = sourcecode.c.objc; path = main.m; sourceTree = "<group>"; };
		9D5C1EFA1F9F3C2B00083292 /* AppDelegate.h */ = {isa = PBXFileReference; lastKnownFileType = sourcecode.c.h; path = AppDelegate.h; sourceTree = "<group>"; };
		9D5C1EFB1F9F3C2B00083292 /* AppDelegate.m */ = {isa = PBXFileReference; lastKnownFileType = sourcecode.c.objc; path = AppDelegate.m; sourceTree = "<group>"; };
		9D5C1EFD1F9F3C2B00083292 /* ViewController.h */ = {isa = PBXFileReference; lastKnownFileType = sourcecode.c.h; path = ViewController.h; sourceTree = "<group>"; };
		9D5C1EFE1F9F3C2B00083292 /* ViewController.m */ = {isa = PBXFileReference; lastKnownFileType = sourcecode.c.objc; path = ViewController.m; sourceTree = "<group>"; };
		9D5C1F011F9F3C2B00083292 /* Base */ = {isa = PBXFileReference; lastKnownFileType = file.storyboard; name = Base; path = Base.lproj/Main.storyboard; sourceTree = "<group>"; };
		9D5C1F031F9F3C2B00083292 /* Assets.xcassets */ = {isa = PBXFileReference; lastKnownFileType = folder.assetcatalog; path = Assets.xcassets; sourceTree = "<group>"; };
		9D5C1F061F9F3C2B00083292 /* Base */ = {isa = PBXFileReference; lastKnownFileType = file.storyboard; name = Base; path = Base.lproj/LaunchScreen.storyboard; sourceTree = "<group>"; };
		9D5C1F081F9F3C2B00083292 /* Info.plist */ = {isa = PBXFileReference; lastKnownFileType = text.plist.xml; path = Info.plist; sourceTree = "<group>"; };
		9D5C1F111F9F3C2B00083292 /* ____Tests.m */ = {isa = PBXFileReference; lastKnownFileType = sourcecode.c.objc; path = "____Tests.m"; sourceTree = "<group>"; };
		9D5C1F131F9F3C2B00083292 /* Info.plist */ = {isa = PBXFileReference; lastKnownFileType = text.plist.xml; path = Info.plist; sourceTree = "<group>"; };
		9D5C1F1C1F9F3C2B00083292 /* ____UITests.m */ = {isa = PBXFileReference; lastKnownFileType = sourcecode.c.objc; path = "____UITests.m"; sourceTree = "<group>"; };
		9D5C1F1E1F9F3C2B00083292 /* Info.plist */ = {isa = PBXFileReference; lastKnownFileType = text.plist.xml; path = Info.plist; sourceTree = "<group>"; };
		9D5C1F2B1F9F3D7E00083292 /* FTIndicator.h */ = {isa = PBXFileReference; fileEncoding = 4; lastKnownFileType = sourcecode.c.h; path = FTIndicator.h; sourceTree = "<group>"; };
		9D5C1F2C1F9F3D7E00083292 /* FTIndicator.m */ = {isa = PBXFileReference; fileEncoding = 4; lastKnownFileType = sourcecode.c.objc; path = FTIndicator.m; sourceTree = "<group>"; };
		9D5C1F2E1F9F3D7E00083292 /* FTNotificationIndicator.h */ = {isa = PBXFileReference; fileEncoding = 4; lastKnownFileType = sourcecode.c.h; path = FTNotificationIndicator.h; sourceTree = "<group>"; };
		9D5C1F2F1F9F3D7E00083292 /* FTNotificationIndicator.m */ = {isa = PBXFileReference; fileEncoding = 4; lastKnownFileType = sourcecode.c.objc; path = FTNotificationIndicator.m; sourceTree = "<group>"; };
		9D5C1F311F9F3D7E00083292 /* FTProgressIndicator.h */ = {isa = PBXFileReference; fileEncoding = 4; lastKnownFileType = sourcecode.c.h; path = FTProgressIndicator.h; sourceTree = "<group>"; };
		9D5C1F321F9F3D7E00083292 /* FTProgressIndicator.m */ = {isa = PBXFileReference; fileEncoding = 4; lastKnownFileType = sourcecode.c.objc; path = FTProgressIndicator.m; sourceTree = "<group>"; };
		9D5C1F331F9F3D7E00083292 /* ImageAsserts.bundle */ = {isa = PBXFileReference; lastKnownFileType = "wrapper.plug-in"; path = ImageAsserts.bundle; sourceTree = "<group>"; };
		9D5C1F351F9F3D7E00083292 /* FTToastIndicator.h */ = {isa = PBXFileReference; fileEncoding = 4; lastKnownFileType = sourcecode.c.h; path = FTToastIndicator.h; sourceTree = "<group>"; };
		9D5C1F361F9F3D7E00083292 /* FTToastIndicator.m */ = {isa = PBXFileReference; fileEncoding = 4; lastKnownFileType = sourcecode.c.objc; path = FTToastIndicator.m; sourceTree = "<group>"; };
		9D97F43F1FA72A0000BF1119 /* LuckIsIntroducedViewController.h */ = {isa = PBXFileReference; fileEncoding = 4; lastKnownFileType = sourcecode.c.h; path = LuckIsIntroducedViewController.h; sourceTree = "<group>"; };
		9D97F4401FA72A0000BF1119 /* LuckIsIntroducedViewController.m */ = {isa = PBXFileReference; fileEncoding = 4; lastKnownFileType = sourcecode.c.objc; path = LuckIsIntroducedViewController.m; sourceTree = "<group>"; };
		9D97F4431FA72A8C00BF1119 /* ZLPanGestureRecognizer.h */ = {isa = PBXFileReference; fileEncoding = 4; lastKnownFileType = sourcecode.c.h; path = ZLPanGestureRecognizer.h; sourceTree = "<group>"; };
		9D97F4441FA72A8C00BF1119 /* ZLPanGestureRecognizer.m */ = {isa = PBXFileReference; fileEncoding = 4; lastKnownFileType = sourcecode.c.objc; path = ZLPanGestureRecognizer.m; sourceTree = "<group>"; };
		9D97F4451FA72A8C00BF1119 /* ZLSwipeableView.h */ = {isa = PBXFileReference; fileEncoding = 4; lastKnownFileType = sourcecode.c.h; path = ZLSwipeableView.h; sourceTree = "<group>"; };
		9D97F4461FA72A8C00BF1119 /* ZLSwipeableView.m */ = {isa = PBXFileReference; fileEncoding = 4; lastKnownFileType = sourcecode.c.objc; path = ZLSwipeableView.m; sourceTree = "<group>"; };
		9D97F4491FA72ABB00BF1119 /* CardView.h */ = {isa = PBXFileReference; fileEncoding = 4; lastKnownFileType = sourcecode.c.h; path = CardView.h; sourceTree = "<group>"; };
		9D97F44A1FA72ABB00BF1119 /* CardView.m */ = {isa = PBXFileReference; fileEncoding = 4; lastKnownFileType = sourcecode.c.objc; path = CardView.m; sourceTree = "<group>"; };
		9D97F44C1FA72B2400BF1119 /* UIColor+FlatColors.h */ = {isa = PBXFileReference; fileEncoding = 4; lastKnownFileType = sourcecode.c.h; path = "UIColor+FlatColors.h"; sourceTree = "<group>"; };
		9D97F44D1FA72B2400BF1119 /* UIColor+FlatColors.m */ = {isa = PBXFileReference; fileEncoding = 4; lastKnownFileType = sourcecode.c.objc; path = "UIColor+FlatColors.m"; sourceTree = "<group>"; };
		9D97F44F1FA72CFA00BF1119 /* luckView.h */ = {isa = PBXFileReference; fileEncoding = 4; lastKnownFileType = sourcecode.c.h; path = luckView.h; sourceTree = "<group>"; };
		9D97F4501FA72CFA00BF1119 /* luckView.m */ = {isa = PBXFileReference; fileEncoding = 4; lastKnownFileType = sourcecode.c.objc; path = luckView.m; sourceTree = "<group>"; };
		9DCDA2D41FA96760004F2A28 /* VideoListViewController.h */ = {isa = PBXFileReference; fileEncoding = 4; lastKnownFileType = sourcecode.c.h; path = VideoListViewController.h; sourceTree = "<group>"; };
		9DCDA2D51FA96760004F2A28 /* VideoListViewController.m */ = {isa = PBXFileReference; fileEncoding = 4; lastKnownFileType = sourcecode.c.objc; path = VideoListViewController.m; sourceTree = "<group>"; };
		9DCDA2D81FA96942004F2A28 /* ImageResources.bundle */ = {isa = PBXFileReference; lastKnownFileType = "wrapper.plug-in"; path = ImageResources.bundle; sourceTree = "<group>"; };
		9DCDA2DA1FA96942004F2A28 /* XLSlider.h */ = {isa = PBXFileReference; fileEncoding = 4; lastKnownFileType = sourcecode.c.h; path = XLSlider.h; sourceTree = "<group>"; };
		9DCDA2DB1FA96942004F2A28 /* XLSlider.m */ = {isa = PBXFileReference; fileEncoding = 4; lastKnownFileType = sourcecode.c.objc; path = XLSlider.m; sourceTree = "<group>"; };
		9DCDA2DC1FA96942004F2A28 /* XLVideoPlayer.h */ = {isa = PBXFileReference; fileEncoding = 4; lastKnownFileType = sourcecode.c.h; path = XLVideoPlayer.h; sourceTree = "<group>"; };
		9DCDA2DD1FA96942004F2A28 /* XLVideoPlayer.m */ = {isa = PBXFileReference; fileEncoding = 4; lastKnownFileType = sourcecode.c.objc; path = XLVideoPlayer.m; sourceTree = "<group>"; };
		9DCDA2E21FA9694A004F2A28 /* XLVideoItem.h */ = {isa = PBXFileReference; fileEncoding = 4; lastKnownFileType = sourcecode.c.h; path = XLVideoItem.h; sourceTree = "<group>"; };
		9DCDA2E31FA9694A004F2A28 /* XLVideoItem.m */ = {isa = PBXFileReference; fileEncoding = 4; lastKnownFileType = sourcecode.c.objc; path = XLVideoItem.m; sourceTree = "<group>"; };
		9DCDA2E51FA96B7E004F2A28 /* XLVideoCell.h */ = {isa = PBXFileReference; fileEncoding = 4; lastKnownFileType = sourcecode.c.h; path = XLVideoCell.h; sourceTree = "<group>"; };
		9DCDA2E61FA96B7E004F2A28 /* XLVideoCell.m */ = {isa = PBXFileReference; fileEncoding = 4; lastKnownFileType = sourcecode.c.objc; path = XLVideoCell.m; sourceTree = "<group>"; };
		9DD3A64A1FEA36360021FC1F /* XHNetworkCache.h */ = {isa = PBXFileReference; fileEncoding = 4; lastKnownFileType = sourcecode.c.h; path = XHNetworkCache.h; sourceTree = "<group>"; };
		9DD3A64B1FEA36360021FC1F /* XHNetworkCache.m */ = {isa = PBXFileReference; fileEncoding = 4; lastKnownFileType = sourcecode.c.objc; path = XHNetworkCache.m; sourceTree = "<group>"; };
/* End PBXFileReference section */

/* Begin PBXFrameworksBuildPhase section */
		9D5C1EF11F9F3C2B00083292 /* Frameworks */ = {
			isa = PBXFrameworksBuildPhase;
			buildActionMask = 2147483647;
			files = (
			);
			runOnlyForDeploymentPostprocessing = 0;
		};
/* End PBXFrameworksBuildPhase section */

/* Begin PBXGroup section */
		9D5C1EEB1F9F3C2A00083292 = {
			isa = PBXGroup;
			children = (
				9D5C1EF61F9F3C2B00083292 /* 弹框试试 */,
				9D5C1F101F9F3C2B00083292 /* 弹框试试Tests */,
				9D5C1F1B1F9F3C2B00083292 /* 弹框试试UITests */,
				9D5C1EF51F9F3C2B00083292 /* Products */,
			);
			sourceTree = "<group>";
		};
		9D5C1EF51F9F3C2B00083292 /* Products */ = {
			isa = PBXGroup;
			children = (
				9D5C1EF41F9F3C2B00083292 /* 弹框试试.app */,
			);
			name = Products;
			sourceTree = "<group>";
		};
		9D5C1EF61F9F3C2B00083292 /* 弹框试试 */ = {
			isa = PBXGroup;
			children = (
				9D5C1F2A1F9F3D7E00083292 /* FTIndicator */,
				9D5C1EFA1F9F3C2B00083292 /* AppDelegate.h */,
				9D5C1EFB1F9F3C2B00083292 /* AppDelegate.m */,
				9D5C1EFD1F9F3C2B00083292 /* ViewController.h */,
				9D5C1EFE1F9F3C2B00083292 /* ViewController.m */,
				9DD3A6491FEA36360021FC1F /* XHNetworkCache */,
				9DCDA2D31FA9673C004F2A28 /* 视频列表 */,
				9DCDA2D21FA96728004F2A28 /* 卡片模式 */,
				9D5C1F001F9F3C2B00083292 /* Main.storyboard */,
				9D5C1F031F9F3C2B00083292 /* Assets.xcassets */,
				9D5C1F051F9F3C2B00083292 /* LaunchScreen.storyboard */,
				9D5C1F081F9F3C2B00083292 /* Info.plist */,
				9D5C1EF71F9F3C2B00083292 /* Supporting Files */,
			);
			path = "弹框试试";
			sourceTree = "<group>";
		};
		9D5C1EF71F9F3C2B00083292 /* Supporting Files */ = {
			isa = PBXGroup;
			children = (
				9D5C1EF81F9F3C2B00083292 /* main.m */,
			);
			name = "Supporting Files";
			sourceTree = "<group>";
		};
		9D5C1F101F9F3C2B00083292 /* 弹框试试Tests */ = {
			isa = PBXGroup;
			children = (
				9D5C1F111F9F3C2B00083292 /* ____Tests.m */,
				9D5C1F131F9F3C2B00083292 /* Info.plist */,
			);
			path = "弹框试试Tests";
			sourceTree = "<group>";
		};
		9D5C1F1B1F9F3C2B00083292 /* 弹框试试UITests */ = {
			isa = PBXGroup;
			children = (
				9D5C1F1C1F9F3C2B00083292 /* ____UITests.m */,
				9D5C1F1E1F9F3C2B00083292 /* Info.plist */,
			);
			path = "弹框试试UITests";
			sourceTree = "<group>";
		};
		9D5C1F2A1F9F3D7E00083292 /* FTIndicator */ = {
			isa = PBXGroup;
			children = (
				9D5C1F2B1F9F3D7E00083292 /* FTIndicator.h */,
				9D5C1F2C1F9F3D7E00083292 /* FTIndicator.m */,
				9D5C1F2D1F9F3D7E00083292 /* FTNotificationIndicator */,
				9D5C1F301F9F3D7E00083292 /* FTProgressIndicator */,
				9D5C1F341F9F3D7E00083292 /* FTToastIndicator */,
			);
			path = FTIndicator;
			sourceTree = "<group>";
		};
		9D5C1F2D1F9F3D7E00083292 /* FTNotificationIndicator */ = {
			isa = PBXGroup;
			children = (
				9D5C1F2E1F9F3D7E00083292 /* FTNotificationIndicator.h */,
				9D5C1F2F1F9F3D7E00083292 /* FTNotificationIndicator.m */,
			);
			path = FTNotificationIndicator;
			sourceTree = "<group>";
		};
		9D5C1F301F9F3D7E00083292 /* FTProgressIndicator */ = {
			isa = PBXGroup;
			children = (
				9D5C1F311F9F3D7E00083292 /* FTProgressIndicator.h */,
				9D5C1F321F9F3D7E00083292 /* FTProgressIndicator.m */,
				9D5C1F331F9F3D7E00083292 /* ImageAsserts.bundle */,
			);
			path = FTProgressIndicator;
			sourceTree = "<group>";
		};
		9D5C1F341F9F3D7E00083292 /* FTToastIndicator */ = {
			isa = PBXGroup;
			children = (
				9D5C1F351F9F3D7E00083292 /* FTToastIndicator.h */,
				9D5C1F361F9F3D7E00083292 /* FTToastIndicator.m */,
			);
			path = FTToastIndicator;
			sourceTree = "<group>";
		};
		9D97F4421FA72A8C00BF1119 /* ZLSwipeableView */ = {
			isa = PBXGroup;
			children = (
				9D97F4431FA72A8C00BF1119 /* ZLPanGestureRecognizer.h */,
				9D97F4441FA72A8C00BF1119 /* ZLPanGestureRecognizer.m */,
				9D97F4451FA72A8C00BF1119 /* ZLSwipeableView.h */,
				9D97F4461FA72A8C00BF1119 /* ZLSwipeableView.m */,
			);
			path = ZLSwipeableView;
			sourceTree = "<group>";
		};
		9DCDA2D21FA96728004F2A28 /* 卡片模式 */ = {
			isa = PBXGroup;
			children = (
				9D97F43F1FA72A0000BF1119 /* LuckIsIntroducedViewController.h */,
				9D97F4401FA72A0000BF1119 /* LuckIsIntroducedViewController.m */,
				9D97F4491FA72ABB00BF1119 /* CardView.h */,
				9D97F44A1FA72ABB00BF1119 /* CardView.m */,
				9D97F44C1FA72B2400BF1119 /* UIColor+FlatColors.h */,
				9D97F44D1FA72B2400BF1119 /* UIColor+FlatColors.m */,
				9D97F44F1FA72CFA00BF1119 /* luckView.h */,
				9D97F4501FA72CFA00BF1119 /* luckView.m */,
				9D97F4421FA72A8C00BF1119 /* ZLSwipeableView */,
			);
			name = "卡片模式";
			sourceTree = "<group>";
		};
		9DCDA2D31FA9673C004F2A28 /* 视频列表 */ = {
			isa = PBXGroup;
			children = (
				9DCDA2D41FA96760004F2A28 /* VideoListViewController.h */,
				9DCDA2D51FA96760004F2A28 /* VideoListViewController.m */,
				9DCDA2E51FA96B7E004F2A28 /* XLVideoCell.h */,
				9DCDA2E61FA96B7E004F2A28 /* XLVideoCell.m */,
				9DCDA2E11FA9694A004F2A28 /* Model */,
				9DCDA2D71FA96942004F2A28 /* VideoPlayer */,
			);
			name = "视频列表";
			sourceTree = "<group>";
		};
		9DCDA2D71FA96942004F2A28 /* VideoPlayer */ = {
			isa = PBXGroup;
			children = (
				9DCDA2D81FA96942004F2A28 /* ImageResources.bundle */,
				9DCDA2D91FA96942004F2A28 /* Slider */,
				9DCDA2DC1FA96942004F2A28 /* XLVideoPlayer.h */,
				9DCDA2DD1FA96942004F2A28 /* XLVideoPlayer.m */,
			);
			path = VideoPlayer;
			sourceTree = "<group>";
		};
		9DCDA2D91FA96942004F2A28 /* Slider */ = {
			isa = PBXGroup;
			children = (
				9DCDA2DA1FA96942004F2A28 /* XLSlider.h */,
				9DCDA2DB1FA96942004F2A28 /* XLSlider.m */,
			);
			path = Slider;
			sourceTree = "<group>";
		};
		9DCDA2E11FA9694A004F2A28 /* Model */ = {
			isa = PBXGroup;
			children = (
				9DCDA2E21FA9694A004F2A28 /* XLVideoItem.h */,
				9DCDA2E31FA9694A004F2A28 /* XLVideoItem.m */,
			);
			path = Model;
			sourceTree = "<group>";
		};
		9DD3A6491FEA36360021FC1F /* XHNetworkCache */ = {
			isa = PBXGroup;
			children = (
				9DD3A64A1FEA36360021FC1F /* XHNetworkCache.h */,
				9DD3A64B1FEA36360021FC1F /* XHNetworkCache.m */,
			);
			path = XHNetworkCache;
			sourceTree = "<group>";
		};
/* End PBXGroup section */

/* Begin PBXNativeTarget section */
		9D5C1EF31F9F3C2B00083292 /* 弹框试试 */ = {
			isa = PBXNativeTarget;
			buildConfigurationList = 9D5C1F211F9F3C2B00083292 /* Build configuration list for PBXNativeTarget "弹框试试" */;
			buildPhases = (
				9D5C1EF01F9F3C2B00083292 /* Sources */,
				9D5C1EF11F9F3C2B00083292 /* Frameworks */,
				9D5C1EF21F9F3C2B00083292 /* Resources */,
			);
			buildRules = (
			);
			dependencies = (
			);
			name = "弹框试试";
			productName = "弹框试试";
			productReference = 9D5C1EF41F9F3C2B00083292 /* 弹框试试.app */;
			productType = "com.apple.product-type.application";
		};
/* End PBXNativeTarget section */

/* Begin PBXProject section */
		9D5C1EEC1F9F3C2A00083292 /* Project object */ = {
			isa = PBXProject;
			attributes = {
				LastUpgradeCheck = 0830;
				ORGANIZATIONNAME = 123;
				TargetAttributes = {
					9D5C1EF31F9F3C2B00083292 = {
						CreatedOnToolsVersion = 8.3.3;
						ProvisioningStyle = Automatic;
					};
				};
			};
			buildConfigurationList = 9D5C1EEF1F9F3C2A00083292 /* Build configuration list for PBXProject "弹框试试" */;
			compatibilityVersion = "Xcode 3.2";
			developmentRegion = English;
			hasScannedForEncodings = 0;
			knownRegions = (
				en,
				Base,
			);
			mainGroup = 9D5C1EEB1F9F3C2A00083292;
			productRefGroup = 9D5C1EF51F9F3C2B00083292 /* Products */;
			projectDirPath = "";
			projectRoot = "";
			targets = (
				9D5C1EF31F9F3C2B00083292 /* 弹框试试 */,
			);
		};
/* End PBXProject section */

/* Begin PBXResourcesBuildPhase section */
		9D5C1EF21F9F3C2B00083292 /* Resources */ = {
			isa = PBXResourcesBuildPhase;
			buildActionMask = 2147483647;
			files = (
				9D5C1F071F9F3C2B00083292 /* LaunchScreen.storyboard in Resources */,
				9D5C1F041F9F3C2B00083292 /* Assets.xcassets in Resources */,
				9D5C1F021F9F3C2B00083292 /* Main.storyboard in Resources */,
				9DCDA2DE1FA96942004F2A28 /* ImageResources.bundle in Resources */,
				9D5C1F3A1F9F3D7E00083292 /* ImageAsserts.bundle in Resources */,
			);
			runOnlyForDeploymentPostprocessing = 0;
		};
/* End PBXResourcesBuildPhase section */

/* Begin PBXSourcesBuildPhase section */
		9D5C1EF01F9F3C2B00083292 /* Sources */ = {
			isa = PBXSourcesBuildPhase;
			buildActionMask = 2147483647;
			files = (
				9D97F44B1FA72ABB00BF1119 /* CardView.m in Sources */,
				9D5C1F391F9F3D7E00083292 /* FTProgressIndicator.m in Sources */,
				9DCDA2E01FA96942004F2A28 /* XLVideoPlayer.m in Sources */,
				9D5C1EFF1F9F3C2B00083292 /* ViewController.m in Sources */,
				9D97F4471FA72A8C00BF1119 /* ZLPanGestureRecognizer.m in Sources */,
				9D5C1F381F9F3D7E00083292 /* FTNotificationIndicator.m in Sources */,
				9D5C1EFC1F9F3C2B00083292 /* AppDelegate.m in Sources */,
				9D97F4411FA72A0000BF1119 /* LuckIsIntroducedViewController.m in Sources */,
				9D5C1F3B1F9F3D7E00083292 /* FTToastIndicator.m in Sources */,
				9D97F4511FA72CFA00BF1119 /* luckView.m in Sources */,
				9D97F44E1FA72B2400BF1119 /* UIColor+FlatColors.m in Sources */,
				9DCDA2E41FA9694A004F2A28 /* XLVideoItem.m in Sources */,
				9DCDA2D61FA96760004F2A28 /* VideoListViewController.m in Sources */,
				9D97F4481FA72A8C00BF1119 /* ZLSwipeableView.m in Sources */,
				9DCDA2DF1FA96942004F2A28 /* XLSlider.m in Sources */,
				9DCDA2E71FA96B7E004F2A28 /* XLVideoCell.m in Sources */,
				9D5C1EF91F9F3C2B00083292 /* main.m in Sources */,
				9D5C1F371F9F3D7E00083292 /* FTIndicator.m in Sources */,
				9DD3A64C1FEA36360021FC1F /* XHNetworkCache.m in Sources */,
			);
			runOnlyForDeploymentPostprocessing = 0;
		};
/* End PBXSourcesBuildPhase section */

/* Begin PBXVariantGroup section */
		9D5C1F001F9F3C2B00083292 /* Main.storyboard */ = {
			isa = PBXVariantGroup;
			children = (
				9D5C1F011F9F3C2B00083292 /* Base */,
			);
			name = Main.storyboard;
			sourceTree = "<group>";
		};
		9D5C1F051F9F3C2B00083292 /* LaunchScreen.storyboard */ = {
			isa = PBXVariantGroup;
			children = (
				9D5C1F061F9F3C2B00083292 /* Base */,
			);
			name = LaunchScreen.storyboard;
			sourceTree = "<group>";
		};
/* End PBXVariantGroup section */

/* Begin XCBuildConfiguration section */
		9D5C1F1F1F9F3C2B00083292 /* Debug */ = {
			isa = XCBuildConfiguration;
			buildSettings = {
				ALWAYS_SEARCH_USER_PATHS = NO;
				CLANG_ANALYZER_NONNULL = YES;
				CLANG_ANALYZER_NUMBER_OBJECT_CONVERSION = YES_AGGRESSIVE;
				CLANG_CXX_LANGUAGE_STANDARD = "gnu++0x";
				CLANG_CXX_LIBRARY = "libc++";
				CLANG_ENABLE_MODULES = YES;
				CLANG_ENABLE_OBJC_ARC = YES;
				CLANG_WARN_BOOL_CONVERSION = YES;
				CLANG_WARN_CONSTANT_CONVERSION = YES;
				CLANG_WARN_DIRECT_OBJC_ISA_USAGE = YES_ERROR;
				CLANG_WARN_DOCUMENTATION_COMMENTS = YES;
				CLANG_WARN_EMPTY_BODY = YES;
				CLANG_WARN_ENUM_CONVERSION = YES;
				CLANG_WARN_INFINITE_RECURSION = YES;
				CLANG_WARN_INT_CONVERSION = YES;
				CLANG_WARN_OBJC_ROOT_CLASS = YES_ERROR;
				CLANG_WARN_SUSPICIOUS_MOVE = YES;
				CLANG_WARN_UNREACHABLE_CODE = YES;
				CLANG_WARN__DUPLICATE_METHOD_MATCH = YES;
				"CODE_SIGN_IDENTITY[sdk=iphoneos*]" = "iPhone Developer";
				COPY_PHASE_STRIP = NO;
				DEBUG_INFORMATION_FORMAT = dwarf;
				ENABLE_STRICT_OBJC_MSGSEND = YES;
				ENABLE_TESTABILITY = YES;
				GCC_C_LANGUAGE_STANDARD = gnu99;
				GCC_DYNAMIC_NO_PIC = NO;
				GCC_NO_COMMON_BLOCKS = YES;
				GCC_OPTIMIZATION_LEVEL = 0;
				GCC_PREPROCESSOR_DEFINITIONS = (
					"DEBUG=1",
					"$(inherited)",
				);
				GCC_WARN_64_TO_32_BIT_CONVERSION = YES;
				GCC_WARN_ABOUT_RETURN_TYPE = YES_ERROR;
				GCC_WARN_UNDECLARED_SELECTOR = YES;
				GCC_WARN_UNINITIALIZED_AUTOS = YES_AGGRESSIVE;
				GCC_WARN_UNUSED_FUNCTION = YES;
				GCC_WARN_UNUSED_VARIABLE = YES;
				IPHONEOS_DEPLOYMENT_TARGET = 10.3;
				MTL_ENABLE_DEBUG_INFO = YES;
				ONLY_ACTIVE_ARCH = YES;
				SDKROOT = iphoneos;
				TARGETED_DEVICE_FAMILY = "1,2";
			};
			name = Debug;
		};
		9D5C1F201F9F3C2B00083292 /* Release */ = {
			isa = XCBuildConfiguration;
			buildSettings = {
				ALWAYS_SEARCH_USER_PATHS = NO;
				CLANG_ANALYZER_NONNULL = YES;
				CLANG_ANALYZER_NUMBER_OBJECT_CONVERSION = YES_AGGRESSIVE;
				CLANG_CXX_LANGUAGE_STANDARD = "gnu++0x";
				CLANG_CXX_LIBRARY = "libc++";
				CLANG_ENABLE_MODULES = YES;
				CLANG_ENABLE_OBJC_ARC = YES;
				CLANG_WARN_BOOL_CONVERSION = YES;
				CLANG_WARN_CONSTANT_CONVERSION = YES;
				CLANG_WARN_DIRECT_OBJC_ISA_USAGE = YES_ERROR;
				CLANG_WARN_DOCUMENTATION_COMMENTS = YES;
				CLANG_WARN_EMPTY_BODY = YES;
				CLANG_WARN_ENUM_CONVERSION = YES;
				CLANG_WARN_INFINITE_RECURSION = YES;
				CLANG_WARN_INT_CONVERSION = YES;
				CLANG_WARN_OBJC_ROOT_CLASS = YES_ERROR;
				CLANG_WARN_SUSPICIOUS_MOVE = YES;
				CLANG_WARN_UNREACHABLE_CODE = YES;
				CLANG_WARN__DUPLICATE_METHOD_MATCH = YES;
				"CODE_SIGN_IDENTITY[sdk=iphoneos*]" = "iPhone Developer";
				COPY_PHASE_STRIP = NO;
				DEBUG_INFORMATION_FORMAT = "dwarf-with-dsym";
				ENABLE_NS_ASSERTIONS = NO;
				ENABLE_STRICT_OBJC_MSGSEND = YES;
				GCC_C_LANGUAGE_STANDARD = gnu99;
				GCC_NO_COMMON_BLOCKS = YES;
				GCC_WARN_64_TO_32_BIT_CONVERSION = YES;
				GCC_WARN_ABOUT_RETURN_TYPE = YES_ERROR;
				GCC_WARN_UNDECLARED_SELECTOR = YES;
				GCC_WARN_UNINITIALIZED_AUTOS = YES_AGGRESSIVE;
				GCC_WARN_UNUSED_FUNCTION = YES;
				GCC_WARN_UNUSED_VARIABLE = YES;
				IPHONEOS_DEPLOYMENT_TARGET = 10.3;
				MTL_ENABLE_DEBUG_INFO = NO;
				SDKROOT = iphoneos;
				TARGETED_DEVICE_FAMILY = "1,2";
				VALIDATE_PRODUCT = YES;
			};
			name = Release;
		};
		9D5C1F221F9F3C2B00083292 /* Debug */ = {
			isa = XCBuildConfiguration;
			buildSettings = {
				ASSETCATALOG_COMPILER_APPICON_NAME = AppIcon;
				INFOPLIST_FILE = "弹框试试/Info.plist";
				LD_RUNPATH_SEARCH_PATHS = "$(inherited) @executable_path/Frameworks";
				PRODUCT_BUNDLE_IDENTIFIER = "tankuang.----";
				PRODUCT_NAME = "$(TARGET_NAME)";
			};
			name = Debug;
		};
		9D5C1F231F9F3C2B00083292 /* Release */ = {
			isa = XCBuildConfiguration;
			buildSettings = {
				ASSETCATALOG_COMPILER_APPICON_NAME = AppIcon;
				INFOPLIST_FILE = "弹框试试/Info.plist";
				LD_RUNPATH_SEARCH_PATHS = "$(inherited) @executable_path/Frameworks";
				PRODUCT_BUNDLE_IDENTIFIER = "tankuang.----";
				PRODUCT_NAME = "$(TARGET_NAME)";
			};
			name = Release;
		};
/* End XCBuildConfiguration section */

/* Begin XCConfigurationList section */
		9D5C1EEF1F9F3C2A00083292 /* Build configuration list for PBXProject "弹框试试" */ = {
			isa = XCConfigurationList;
			buildConfigurations = (
				9D5C1F1F1F9F3C2B00083292 /* Debug */,
				9D5C1F201F9F3C2B00083292 /* Release */,
			);
			defaultConfigurationIsVisible = 0;
			defaultConfigurationName = Release;
		};
		9D5C1F211F9F3C2B00083292 /* Build configuration list for PBXNativeTarget "弹框试试" */ = {
			isa = XCConfigurationList;
			buildConfigurations = (
				9D5C1F221F9F3C2B00083292 /* Debug */,
				9D5C1F231F9F3C2B00083292 /* Release */,
			);
			defaultConfigurationIsVisible = 0;
			defaultConfigurationName = Release;
		};
/* End XCConfigurationList section */
	};
	rootObject = 9D5C1EEC1F9F3C2A00083292 /* Project object */;
}
